PODS:
  - Flutter (1.0.0)
  - flutter_file_downloader (0.0.1):
    - Flutter

DEPENDENCIES:
  - Flutter (from `Flutter`)
  - flutter_file_downloader (from `.symlinks/plugins/flutter_file_downloader/ios`)

EXTERNAL SOURCES:
  Flutter:
    :path: Flutter
  flutter_file_downloader:
    :path: ".symlinks/plugins/flutter_file_downloader/ios"

SPEC CHECKSUMS:
  Flutter: 434fef37c0980e73bb6479ef766c45957d4b510c
  flutter_file_downloader: 605302ce530e6f1de03967376682090a3948233f

PODFILE CHECKSUM: aafe91acc616949ddb318b77800a7f51bffa2a4c

COCOAPODS: 1.10.1
